# This file is generated by running "yarn install" inside your project.
# Manual changes might be lost - proceed with caution!

__metadata:
  version: 4
  cacheKey: 7

"@types/node@npm:^14.14.20":
  version: 14.14.20
  resolution: "@types/node@npm:14.14.20"
  checksum: 84a9fd73de978967723f951173ff4d07dca259941d3e37c7a3dbb236c09b3f2294bb2098678a806afe6fd6cac39a7d0a1d399f602378c951bd5d01ede535d570
  languageName: node
  linkType: hard

"@types/prettier@npm:^2":
  version: 2.1.6
  resolution: "@types/prettier@npm:2.1.6"
  checksum: c78a6406b0b0d167c3285c84ca63308028517bc772b16960d959ae0ab8947f58c33aac4ba4485ac878f114be230764f7d5582a43115727ba68e5fb59360d5f37
  languageName: node
  linkType: hard

"example@workspace:packages/example":
  version: 0.0.0-use.local
  resolution: "example@workspace:packages/example"
  languageName: unknown
  linkType: soft

"fullstack@workspace:.":
  version: 0.0.0-use.local
  resolution: "fullstack@workspace:."
  dependencies:
    "@types/node": ^14.14.20
    "@types/prettier": ^2
    prettier: 2.2.1
    typescript: ^4.1.3
  languageName: unknown
  linkType: soft

"prettier@npm:2.2.1":
  version: 2.2.1
  resolution: "prettier@npm:2.2.1"
  bin:
    prettier: bin-prettier.js
  checksum: 92c6c9f4b87eba1f28466edee57dd18c80d00b858edda77d46d1950d20e6e302b68ee255fc91133ba931e63c4577b5ae30da194d9626a8f3c0177778b91bf056
  languageName: node
  linkType: hard

typescript@^4.1.3:
  version: 4.1.3
  resolution: "typescript@npm:4.1.3"
  bin:
    tsc: bin/tsc
    tsserver: bin/tsserver
  checksum: 4f7ab1506ea22c7a1c313ec5b4285e93ce08d709ad6086d02d3096adb399ca339972ee56d1e578213c51dd0fb7b0fad50283c2d3c39642405644458ae29774f8
  languageName: node
  linkType: hard

"typescript@patch:typescript@^4.1.3#builtin<compat/typescript>":
  version: 4.1.3
  resolution: "typescript@patch:typescript@npm%3A4.1.3#builtin<compat/typescript>::version=4.1.3&hash=cc6730"
  bin:
    tsc: bin/tsc
    tsserver: bin/tsserver
  checksum: 017af992148346e671d5b83b041773825888e9c94db8d2b9472cdbb6d6f0ee85927817473121524d319f8be6ffe5a6904d27ff6ef21356d2274fcadd52e17938
  languageName: node
  linkType: hard
